
Microsoft Visual Studio Solution File, Format Version 12.00
# Visual Studio Version 16
VisualStudioVersion = 16.0.35229.62
MinimumVisualStudioVersion = 10.0.40219.1
Project("{F184B08F-C81C-45F6-A57F-5ABD9991F28F}") = "WorkShopDownloader", "WorkShopDownloader.vbproj", "{F47290B8-E4BD-4C44-AE46-309DADEACC53}"
EndProject
Global
	GlobalSection(SolutionConfigurationPlatforms) = preSolution
		Debug|Any CPU = Debug|Any CPU
		Release|Any CPU = Release|Any CPU
	EndGlobalSection
	GlobalSection(ProjectConfigurationPlatforms) = postSolution
		{F47290B8-E4BD-4C44-AE46-309DADEACC53}.Debug|Any CPU.ActiveCfg = Debug|Any CPU
		{F47290B8-E4BD-4C44-AE46-309DADEACC53}.Debug|Any CPU.Build.0 = Debug|Any CPU
		{F47290B8-E4BD-4C44-AE46-309DADEACC53}.Release|Any CPU.ActiveCfg = Release|Any CPU
		{F47290B8-E4BD-4C44-AE46-309DADEACC53}.Release|Any CPU.Build.0 = Release|Any CPU
	EndGlobalSection
	GlobalSection(SolutionProperties) = preSolution
		HideSolutionNode = FALSE
	EndGlobalSection
	GlobalSection(ExtensibilityGlobals) = postSolution
		SolutionGuid = {B3F44B10-F521-4592-B8F9-0CD9FAC13BB9}
	EndGlobalSection
EndGlobal
